
Microsoft Visual Studio Solution File, Format Version 12.00
# Visual Studio Version 17
VisualStudioVersion = 17.4.33213.308
MinimumVisualStudioVersion = 10.0.40219.1
Project("{FAE04EC0-301F-11D3-BF4B-00C04F79EFBC}") = "GuessTheSong", "GuessTheSong\GuessTheSong.csproj", "{FBEA0B37-EC4A-4F4A-8112-73515FDBFECE}"
EndProject
Global
	GlobalSection(SolutionConfigurationPlatforms) = preSolution
		Debug|Any CPU = Debug|Any CPU
		Release|Any CPU = Release|Any CPU
	EndGlobalSection
	GlobalSection(ProjectConfigurationPlatforms) = postSolution
		{FBEA0B37-EC4A-4F4A-8112-73515FDBFECE}.Debug|Any CPU.ActiveCfg = Debug|Any CPU
		{FBEA0B37-EC4A-4F4A-8112-73515FDBFECE}.Debug|Any CPU.Build.0 = Debug|Any CPU
		{FBEA0B37-EC4A-4F4A-8112-73515FDBFECE}.Release|Any CPU.ActiveCfg = Release|Any CPU
		{FBEA0B37-EC4A-4F4A-8112-73515FDBFECE}.Release|Any CPU.Build.0 = Release|Any CPU
	EndGlobalSection
	GlobalSection(SolutionProperties) = preSolution
		HideSolutionNode = FALSE
	EndGlobalSection
	GlobalSection(ExtensibilityGlobals) = postSolution
		SolutionGuid = {2C2FF9C4-8B51-4CC5-84AB-1567EACE9D67}
	EndGlobalSection
EndGlobal
