
Microsoft Visual Studio Solution File, Format Version 12.00
# Visual Studio Version 17
VisualStudioVersion = 17.4.33213.308
MinimumVisualStudioVersion = 10.0.40219.1
Project("{9A19103F-16F7-4668-BE54-9A1E7A4F7556}") = "MVC Exmaple", "MVC Exmaple.csproj", "{A470B065-9F1E-4644-B3A9-BD7AAC180ED1}"
EndProject
Global
	GlobalSection(SolutionConfigurationPlatforms) = preSolution
		Debug|Any CPU = Debug|Any CPU
		Release|Any CPU = Release|Any CPU
	EndGlobalSection
	GlobalSection(ProjectConfigurationPlatforms) = postSolution
		{A470B065-9F1E-4644-B3A9-BD7AAC180ED1}.Debug|Any CPU.ActiveCfg = Debug|Any CPU
		{A470B065-9F1E-4644-B3A9-BD7AAC180ED1}.Debug|Any CPU.Build.0 = Debug|Any CPU
		{A470B065-9F1E-4644-B3A9-BD7AAC180ED1}.Release|Any CPU.ActiveCfg = Release|Any CPU
		{A470B065-9F1E-4644-B3A9-BD7AAC180ED1}.Release|Any CPU.Build.0 = Release|Any CPU
	EndGlobalSection
	GlobalSection(SolutionProperties) = preSolution
		HideSolutionNode = FALSE
	EndGlobalSection
	GlobalSection(ExtensibilityGlobals) = postSolution
		SolutionGuid = {EBD738BD-1A66-4CF1-8C55-DDDCCB15F019}
	EndGlobalSection
EndGlobal
